
Microsoft Visual Studio Solution File, Format Version 12.00
Project("{FAE04EC0-301F-11D3-BF4B-00C04F79EFBC}") = "MessageBox.Avalonia", "MessageBox.Avalonia\MessageBox.Avalonia.csproj", "{A079DFA8-CC67-4219-80A4-20BBF0C5EC87}"
EndProject
Global
	GlobalSection(SolutionConfigurationPlatforms) = preSolution
		Debug|Any CPU = Debug|Any CPU
		Release|Any CPU = Release|Any CPU
	EndGlobalSection
	GlobalSection(ProjectConfigurationPlatforms) = postSolution
		{A079DFA8-CC67-4219-80A4-20BBF0C5EC87}.Debug|Any CPU.ActiveCfg = Debug|Any CPU
		{A079DFA8-CC67-4219-80A4-20BBF0C5EC87}.Debug|Any CPU.Build.0 = Debug|Any CPU
		{A079DFA8-CC67-4219-80A4-20BBF0C5EC87}.Release|Any CPU.ActiveCfg = Release|Any CPU
		{A079DFA8-CC67-4219-80A4-20BBF0C5EC87}.Release|Any CPU.Build.0 = Release|Any CPU
	EndGlobalSection
EndGlobal
