
Microsoft Visual Studio Solution File, Format Version 12.00
# Visual Studio Version 17
VisualStudioVersion = 17.4.32916.344
MinimumVisualStudioVersion = 10.0.40219.1
Project("{FAE04EC0-301F-11D3-BF4B-00C04F79EFBC}") = "MsBox.Avalonia", "MsBox.Avalonia\MsBox.Avalonia.csproj", "{CF50D8C1-A6E7-4844-970A-2820860BF65C}"
EndProject
Project("{FAE04EC0-301F-11D3-BF4B-00C04F79EFBC}") = "Exmaple2.0", "Exmaple2.0\Exmaple2.0.csproj", "{4C6432E6-3C50-4D7F-9BBB-BB3AD3F8BF06}"
EndProject
Global
	GlobalSection(SolutionConfigurationPlatforms) = preSolution
		Debug|Any CPU = Debug|Any CPU
		Release|Any CPU = Release|Any CPU
	EndGlobalSection
	GlobalSection(ProjectConfigurationPlatforms) = postSolution
		{CF50D8C1-A6E7-4844-970A-2820860BF65C}.Debug|Any CPU.ActiveCfg = Debug|Any CPU
		{CF50D8C1-A6E7-4844-970A-2820860BF65C}.Debug|Any CPU.Build.0 = Debug|Any CPU
		{CF50D8C1-A6E7-4844-970A-2820860BF65C}.Release|Any CPU.ActiveCfg = Release|Any CPU
		{CF50D8C1-A6E7-4844-970A-2820860BF65C}.Release|Any CPU.Build.0 = Release|Any CPU
		{4C6432E6-3C50-4D7F-9BBB-BB3AD3F8BF06}.Debug|Any CPU.ActiveCfg = Debug|Any CPU
		{4C6432E6-3C50-4D7F-9BBB-BB3AD3F8BF06}.Debug|Any CPU.Build.0 = Debug|Any CPU
		{4C6432E6-3C50-4D7F-9BBB-BB3AD3F8BF06}.Release|Any CPU.ActiveCfg = Release|Any CPU
		{4C6432E6-3C50-4D7F-9BBB-BB3AD3F8BF06}.Release|Any CPU.Build.0 = Release|Any CPU
	EndGlobalSection
	GlobalSection(SolutionProperties) = preSolution
		HideSolutionNode = FALSE
	EndGlobalSection
	GlobalSection(ExtensibilityGlobals) = postSolution
		SolutionGuid = {7B8582AF-3103-48B2-8DF1-65F0F783C5CF}
	EndGlobalSection
	GlobalSection(NestedProjects) = preSolution
	EndGlobalSection
EndGlobal
