
Microsoft Visual Studio Solution File, Format Version 12.00
Project("{FAE04EC0-301F-11D3-BF4B-00C04F79EFBC}") = "AvaloniaMsg", "..\complab2\CompLab2\AvaloniaMsg\AvaloniaMsg.csproj", "{7BFD0A15-9D48-4BF4-B91D-C71A5F4E81F2}"
EndProject
Global
	GlobalSection(SolutionConfigurationPlatforms) = preSolution
		Debug|Any CPU = Debug|Any CPU
		Release|Any CPU = Release|Any CPU
	EndGlobalSection
	GlobalSection(ProjectConfigurationPlatforms) = postSolution
		{7BFD0A15-9D48-4BF4-B91D-C71A5F4E81F2}.Debug|Any CPU.ActiveCfg = Debug|Any CPU
		{7BFD0A15-9D48-4BF4-B91D-C71A5F4E81F2}.Debug|Any CPU.Build.0 = Debug|Any CPU
		{7BFD0A15-9D48-4BF4-B91D-C71A5F4E81F2}.Release|Any CPU.ActiveCfg = Release|Any CPU
		{7BFD0A15-9D48-4BF4-B91D-C71A5F4E81F2}.Release|Any CPU.Build.0 = Release|Any CPU
	EndGlobalSection
EndGlobal
